
Microsoft Visual Studio Solution File, Format Version 12.00
# Visual Studio 14
VisualStudioVersion = 14.0.25420.1
MinimumVisualStudioVersion = 10.0.40219.1
Project("{FAE04EC0-301F-11D3-BF4B-00C04F79EFBC}") = "Problem1", "ConLoopsAssignment\Problem1.csproj", "{4145C07B-8536-4FB1-8599-8F2A2CC046B5}"
EndProject
Project("{FAE04EC0-301F-11D3-BF4B-00C04F79EFBC}") = "Palindrome", "ConsoleApplication1\Palindrome.csproj", "{A369D2A9-6B19-4C85-8BC4-62202D66AE51}"
EndProject
Project("{FAE04EC0-301F-11D3-BF4B-00C04F79EFBC}") = "DuplicateRemoval", "DuplicateRemoval\DuplicateRemoval.csproj", "{C406A8B3-43EE-4205-A1C3-4AB5E42969BE}"
EndProject
Global
	GlobalSection(SolutionConfigurationPlatforms) = preSolution
		Debug|Any CPU = Debug|Any CPU
		Release|Any CPU = Release|Any CPU
	EndGlobalSection
	GlobalSection(ProjectConfigurationPlatforms) = postSolution
		{4145C07B-8536-4FB1-8599-8F2A2CC046B5}.Debug|Any CPU.ActiveCfg = Debug|Any CPU
		{4145C07B-8536-4FB1-8599-8F2A2CC046B5}.Debug|Any CPU.Build.0 = Debug|Any CPU
		{4145C07B-8536-4FB1-8599-8F2A2CC046B5}.Release|Any CPU.ActiveCfg = Release|Any CPU
		{4145C07B-8536-4FB1-8599-8F2A2CC046B5}.Release|Any CPU.Build.0 = Release|Any CPU
		{A369D2A9-6B19-4C85-8BC4-62202D66AE51}.Debug|Any CPU.ActiveCfg = Debug|Any CPU
		{A369D2A9-6B19-4C85-8BC4-62202D66AE51}.Debug|Any CPU.Build.0 = Debug|Any CPU
		{A369D2A9-6B19-4C85-8BC4-62202D66AE51}.Release|Any CPU.ActiveCfg = Release|Any CPU
		{A369D2A9-6B19-4C85-8BC4-62202D66AE51}.Release|Any CPU.Build.0 = Release|Any CPU
		{C406A8B3-43EE-4205-A1C3-4AB5E42969BE}.Debug|Any CPU.ActiveCfg = Debug|Any CPU
		{C406A8B3-43EE-4205-A1C3-4AB5E42969BE}.Debug|Any CPU.Build.0 = Debug|Any CPU
		{C406A8B3-43EE-4205-A1C3-4AB5E42969BE}.Release|Any CPU.ActiveCfg = Release|Any CPU
		{C406A8B3-43EE-4205-A1C3-4AB5E42969BE}.Release|Any CPU.Build.0 = Release|Any CPU
	EndGlobalSection
	GlobalSection(SolutionProperties) = preSolution
		HideSolutionNode = FALSE
	EndGlobalSection
EndGlobal
