
Microsoft Visual Studio Solution File, Format Version 12.00
# Visual Studio 14
VisualStudioVersion = 14.0.25420.1
MinimumVisualStudioVersion = 10.0.40219.1
Project("{FAE04EC0-301F-11D3-BF4B-00C04F79EFBC}") = "Problem1", "ConProgrammingChallanges\Problem1.csproj", "{0E272F67-9FA9-4C8A-9232-6549C866E973}"
EndProject
Project("{FAE04EC0-301F-11D3-BF4B-00C04F79EFBC}") = "Problem2", "Problem2\Problem2.csproj", "{6FE79C20-BD26-401B-942C-A4ADF70FAA9B}"
EndProject
Project("{FAE04EC0-301F-11D3-BF4B-00C04F79EFBC}") = "Problem3", "Problem3\Problem3.csproj", "{9C6B1B09-0D6F-44DD-ABF0-0EB81CE3AFAF}"
EndProject
Project("{FAE04EC0-301F-11D3-BF4B-00C04F79EFBC}") = "Problem4", "Problem4\Problem4.csproj", "{EB1B2700-D59D-41E3-B239-48146AF0F613}"
EndProject
Global
	GlobalSection(SolutionConfigurationPlatforms) = preSolution
		Debug|Any CPU = Debug|Any CPU
		Release|Any CPU = Release|Any CPU
	EndGlobalSection
	GlobalSection(ProjectConfigurationPlatforms) = postSolution
		{0E272F67-9FA9-4C8A-9232-6549C866E973}.Debug|Any CPU.ActiveCfg = Debug|Any CPU
		{0E272F67-9FA9-4C8A-9232-6549C866E973}.Debug|Any CPU.Build.0 = Debug|Any CPU
		{0E272F67-9FA9-4C8A-9232-6549C866E973}.Release|Any CPU.ActiveCfg = Release|Any CPU
		{0E272F67-9FA9-4C8A-9232-6549C866E973}.Release|Any CPU.Build.0 = Release|Any CPU
		{6FE79C20-BD26-401B-942C-A4ADF70FAA9B}.Debug|Any CPU.ActiveCfg = Debug|Any CPU
		{6FE79C20-BD26-401B-942C-A4ADF70FAA9B}.Debug|Any CPU.Build.0 = Debug|Any CPU
		{6FE79C20-BD26-401B-942C-A4ADF70FAA9B}.Release|Any CPU.ActiveCfg = Release|Any CPU
		{6FE79C20-BD26-401B-942C-A4ADF70FAA9B}.Release|Any CPU.Build.0 = Release|Any CPU
		{9C6B1B09-0D6F-44DD-ABF0-0EB81CE3AFAF}.Debug|Any CPU.ActiveCfg = Debug|Any CPU
		{9C6B1B09-0D6F-44DD-ABF0-0EB81CE3AFAF}.Debug|Any CPU.Build.0 = Debug|Any CPU
		{9C6B1B09-0D6F-44DD-ABF0-0EB81CE3AFAF}.Release|Any CPU.ActiveCfg = Release|Any CPU
		{9C6B1B09-0D6F-44DD-ABF0-0EB81CE3AFAF}.Release|Any CPU.Build.0 = Release|Any CPU
		{EB1B2700-D59D-41E3-B239-48146AF0F613}.Debug|Any CPU.ActiveCfg = Debug|Any CPU
		{EB1B2700-D59D-41E3-B239-48146AF0F613}.Debug|Any CPU.Build.0 = Debug|Any CPU
		{EB1B2700-D59D-41E3-B239-48146AF0F613}.Release|Any CPU.ActiveCfg = Release|Any CPU
		{EB1B2700-D59D-41E3-B239-48146AF0F613}.Release|Any CPU.Build.0 = Release|Any CPU
	EndGlobalSection
	GlobalSection(SolutionProperties) = preSolution
		HideSolutionNode = FALSE
	EndGlobalSection
EndGlobal
