
Microsoft Visual Studio Solution File, Format Version 12.00
# Visual Studio 15
VisualStudioVersion = 15.0.27004.2008
MinimumVisualStudioVersion = 10.0.40219.1
Project("{9A19103F-16F7-4668-BE54-9A1E7A4F7556}") = "IdentityServerWithAspNetIdentity", "IdentityServerWithAspNetIdentity\IdentityServerWithAspNetIdentity.csproj", "{99F86917-1B64-4D56-89ED-AE3C7F8CDB60}"
EndProject
Project("{9A19103F-16F7-4668-BE54-9A1E7A4F7556}") = "MvcClient", "MvcClient\MvcClient.csproj", "{C6657EB6-7B86-4D54-A591-D3A6C35A4185}"
EndProject
Global
	GlobalSection(SolutionConfigurationPlatforms) = preSolution
		Debug|Any CPU = Debug|Any CPU
		Release|Any CPU = Release|Any CPU
	EndGlobalSection
	GlobalSection(ProjectConfigurationPlatforms) = postSolution
		{99F86917-1B64-4D56-89ED-AE3C7F8CDB60}.Debug|Any CPU.ActiveCfg = Debug|Any CPU
		{99F86917-1B64-4D56-89ED-AE3C7F8CDB60}.Debug|Any CPU.Build.0 = Debug|Any CPU
		{99F86917-1B64-4D56-89ED-AE3C7F8CDB60}.Release|Any CPU.ActiveCfg = Release|Any CPU
		{99F86917-1B64-4D56-89ED-AE3C7F8CDB60}.Release|Any CPU.Build.0 = Release|Any CPU
		{C6657EB6-7B86-4D54-A591-D3A6C35A4185}.Debug|Any CPU.ActiveCfg = Debug|Any CPU
		{C6657EB6-7B86-4D54-A591-D3A6C35A4185}.Debug|Any CPU.Build.0 = Debug|Any CPU
		{C6657EB6-7B86-4D54-A591-D3A6C35A4185}.Release|Any CPU.ActiveCfg = Release|Any CPU
		{C6657EB6-7B86-4D54-A591-D3A6C35A4185}.Release|Any CPU.Build.0 = Release|Any CPU
	EndGlobalSection
	GlobalSection(SolutionProperties) = preSolution
		HideSolutionNode = FALSE
	EndGlobalSection
	GlobalSection(ExtensibilityGlobals) = postSolution
		SolutionGuid = {6FF35242-E4E1-41C4-A58D-672DA1E8674C}
	EndGlobalSection
EndGlobal
