
Microsoft Visual Studio Solution File, Format Version 12.00
# Visual Studio 14
VisualStudioVersion = 14.0.25420.1
MinimumVisualStudioVersion = 10.0.40219.1
Project("{FAE04EC0-301F-11D3-BF4B-00C04F79EFBC}") = "Exception Handling", "Exception Handling\Exception Handling.csproj", "{EC467A05-A0FB-4D57-A433-76B07AA14DE6}"
EndProject
Project("{FAE04EC0-301F-11D3-BF4B-00C04F79EFBC}") = "MathLib", "MathLib\MathLib.csproj", "{2B6D42BB-B199-4D1F-AECA-9CEC441BC47E}"
EndProject
Global
	GlobalSection(SolutionConfigurationPlatforms) = preSolution
		Debug|Any CPU = Debug|Any CPU
		Release|Any CPU = Release|Any CPU
	EndGlobalSection
	GlobalSection(ProjectConfigurationPlatforms) = postSolution
		{EC467A05-A0FB-4D57-A433-76B07AA14DE6}.Debug|Any CPU.ActiveCfg = Debug|Any CPU
		{EC467A05-A0FB-4D57-A433-76B07AA14DE6}.Debug|Any CPU.Build.0 = Debug|Any CPU
		{EC467A05-A0FB-4D57-A433-76B07AA14DE6}.Release|Any CPU.ActiveCfg = Release|Any CPU
		{EC467A05-A0FB-4D57-A433-76B07AA14DE6}.Release|Any CPU.Build.0 = Release|Any CPU
		{2B6D42BB-B199-4D1F-AECA-9CEC441BC47E}.Debug|Any CPU.ActiveCfg = Debug|Any CPU
		{2B6D42BB-B199-4D1F-AECA-9CEC441BC47E}.Debug|Any CPU.Build.0 = Debug|Any CPU
		{2B6D42BB-B199-4D1F-AECA-9CEC441BC47E}.Release|Any CPU.ActiveCfg = Release|Any CPU
		{2B6D42BB-B199-4D1F-AECA-9CEC441BC47E}.Release|Any CPU.Build.0 = Release|Any CPU
	EndGlobalSection
	GlobalSection(SolutionProperties) = preSolution
		HideSolutionNode = FALSE
	EndGlobalSection
EndGlobal
